// !$*UTF8*$!
{
	archiveVersion = 1;
	classes = {
	};
	objectVersion = 110;
	objects = {

/* Begin PBXContainerItemProxy section */
		25BF0DC03041F9F200D437E4 /* PBXContainerItemProxy */ = {
			isa = PBXContainerItemProxy;
			containerPortal = 25BF0DAA3041F9F100D437E4 /* Project object */;
			proxyType = 1;
			remoteGlobalIDString = 25BF0DB13041F9F100D437E4;
			remoteInfo = ServerMaster;
		};
		25BF0DCA3041F9F200D437E4 /* PBXContainerItemProxy */ = {
			isa = PBXContainerItemProxy;
			containerPortal = 25BF0DAA3041F9F100D437E4 /* Project object */;
			proxyType = 1;
			remoteGlobalIDString = 25BF0DB13041F9F100D437E4;
			remoteInfo = ServerMaster;
		};
/* End PBXContainerItemProxy section */

/* Begin PBXFileReference section */
		25BF0DB23041F9F100D437E4 /* ServerMaster.app */ = {isa = PBXFileReference; explicitFileType = wrapper.application; includeInIndex = 0; path = ServerMaster.app; sourceTree = BUILT_PRODUCTS_DIR; };
		25BF0DBF3041F9F200D437E4 /* ServerMasterTests.xctest */ = {isa = PBXFileReference; explicitFileType = wrapper.cfbundle; includeInIndex = 0; path = ServerMasterTests.xctest; sourceTree = BUILT_PRODUCTS_DIR; };
		25BF0DC93041F9F200D437E4 /* ServerMasterUITests.xctest */ = {isa = PBXFileReference; explicitFileType = wrapper.cfbundle; includeInIndex = 0; path = ServerMasterUITests.xctest; sourceTree = BUILT_PRODUCTS_DIR; };
/* End PBXFileReference section */

/* Begin PBXFileSystemSynchronizedRootGroup section */
		25BF0DB43041F9F100D437E4 /* ServerMaster */ = {
			isa = PBXFileSystemSynchronizedRootGroup;
			path = ServerMaster;
			sourceTree = "<group>";
		};
		25BF0DC23041F9F200D437E4 /* ServerMasterTests */ = {
			isa = PBXFileSystemSynchronizedRootGroup;
			path = ServerMasterTests;
			sourceTree = "<group>";
		};
		25BF0DCC3041F9F200D437E4 /* ServerMasterUITests */ = {
			isa = PBXFileSystemSynchronizedRootGroup;
			path = ServerMasterUITests;
			sourceTree = "<group>";
		};
/* End PBXFileSystemSynchronizedRootGroup section */

/* Begin PBXFrameworksBuildPhase section */
		25BF0DAF3041F9F100D437E4 /* Frameworks */ = {
			isa = PBXFrameworksBuildPhase;
			files = (
			);
		};
		25BF0DBC3041F9F200D437E4 /* Frameworks */ = {
			isa = PBXFrameworksBuildPhase;
			files = (
			);
		};
		25BF0DC63041F9F200D437E4 /* Frameworks */ = {
			isa = PBXFrameworksBuildPhase;
			files = (
			);
		};
/* End PBXFrameworksBuildPhase section */

/* Begin PBXGroup section */
		25BF0DA93041F9F100D437E4 = {
			isa = PBXGroup;
			children = (
				25BF0DB43041F9F100D437E4 /* ServerMaster */,
				25BF0DC23041F9F200D437E4 /* ServerMasterTests */,
				25BF0DCC3041F9F200D437E4 /* ServerMasterUITests */,
				25BF0DB33041F9F100D437E4 /* Products */,
			);
			sourceTree = "<group>";
		};
		25BF0DB33041F9F100D437E4 /* Products */ = {
			isa = PBXGroup;
			children = (
				25BF0DB23041F9F100D437E4 /* ServerMaster.app */,
				25BF0DBF3041F9F200D437E4 /* ServerMasterTests.xctest */,
				25BF0DC93041F9F200D437E4 /* ServerMasterUITests.xctest */,
			);
			name = Products;
			sourceTree = "<group>";
		};
/* End PBXGroup section */

/* Begin PBXNativeTarget section */
		25BF0DB13041F9F100D437E4 /* ServerMaster */ = {
			isa = PBXNativeTarget;
			buildConfigurationList = 25BF0DD13041F9F200D437E4 /* Build configuration list for PBXNativeTarget "ServerMaster" */;
			buildPhases = (
				25BF0DAE3041F9F100D437E4 /* Sources */,
				25BF0DAF3041F9F100D437E4 /* Frameworks */,
				25BF0DB03041F9F100D437E4 /* Resources */,
			);
			buildRules = (
			);
			fileSystemSynchronizedGroups = (
				25BF0DB43041F9F100D437E4 /* ServerMaster */,
			);
			name = ServerMaster;
			productName = ServerMaster;
			productReference = 25BF0DB23041F9F100D437E4 /* ServerMaster.app */;
			productType = "com.apple.product-type.application";
		};
		25BF0DBE3041F9F200D437E4 /* ServerMasterTests */ = {
			isa = PBXNativeTarget;
			buildConfigurationList = 25BF0DD43041F9F200D437E4 /* Build configuration list for PBXNativeTarget "ServerMasterTests" */;
			buildPhases = (
				25BF0DBB3041F9F200D437E4 /* Sources */,
				25BF0DBC3041F9F200D437E4 /* Frameworks */,
				25BF0DBD3041F9F200D437E4 /* Resources */,
			);
			buildRules = (
			);
			dependencies = (
				25BF0DC13041F9F200D437E4 /* PBXTargetDependency */,
			);
			fileSystemSynchronizedGroups = (
				25BF0DC23041F9F200D437E4 /* ServerMasterTests */,
			);
			name = ServerMasterTests;
			productName = ServerMasterTests;
			productReference = 25BF0DBF3041F9F200D437E4 /* ServerMasterTests.xctest */;
			productType = "com.apple.product-type.bundle.unit-test";
		};
		25BF0DC83041F9F200D437E4 /* ServerMasterUITests */ = {
			isa = PBXNativeTarget;
			buildConfigurationList = 25BF0DD73041F9F200D437E4 /* Build configuration list for PBXNativeTarget "ServerMasterUITests" */;
			buildPhases = (
				25BF0DC53041F9F200D437E4 /* Sources */,
				25BF0DC63041F9F200D437E4 /* Frameworks */,
				25BF0DC73041F9F200D437E4 /* Resources */,
			);
			buildRules = (
			);
			dependencies = (
				25BF0DCB3041F9F200D437E4 /* PBXTargetDependency */,
			);
			fileSystemSynchronizedGroups = (
				25BF0DCC3041F9F200D437E4 /* ServerMasterUITests */,
			);
			name = ServerMasterUITests;
			productName = ServerMasterUITests;
			productReference = 25BF0DC93041F9F200D437E4 /* ServerMasterUITests.xctest */;
			productType = "com.apple.product-type.bundle.ui-testing";
		};
/* End PBXNativeTarget section */

/* Begin PBXProject section */
		25BF0DAA3041F9F100D437E4 /* Project object */ = {
			isa = PBXProject;
			attributes = {
				BuildIndependentTargetsInParallel = 1;
				LastSwiftUpdateCheck = 2700;
				LastUpgradeCheck = 2700;
				TargetAttributes = {
					25BF0DB13041F9F100D437E4 = {
						CreatedOnToolsVersion = 27.0;
					};
					25BF0DBE3041F9F200D437E4 = {
						CreatedOnToolsVersion = 27.0;
						TestTargetID = 25BF0DB13041F9F100D437E4;
					};
					25BF0DC83041F9F200D437E4 = {
						CreatedOnToolsVersion = 27.0;
						TestTargetID = 25BF0DB13041F9F100D437E4;
					};
				};
			};
			buildConfigurationList = 25BF0DAD3041F9F100D437E4 /* Build configuration list for PBXProject "ServerMaster" */;
			developmentRegion = en;
			hasScannedForEncodings = 0;
			knownRegions = (
				en,
				Base,
			);
			mainGroup = 25BF0DA93041F9F100D437E4;
			minimizedProjectReferenceProxies = 1;
			preferredProjectObjectVersion = 77;
			productRefGroup = 25BF0DB33041F9F100D437E4 /* Products */;
			projectDirPath = "";
			projectRoot = "";
			targets = (
				25BF0DB13041F9F100D437E4 /* ServerMaster */,
				25BF0DBE3041F9F200D437E4 /* ServerMasterTests */,
				25BF0DC83041F9F200D437E4 /* ServerMasterUITests */,
			);
		};
/* End PBXProject section */

/* Begin PBXResourcesBuildPhase section */
		25BF0DB03041F9F100D437E4 /* Resources */ = {
			isa = PBXResourcesBuildPhase;
			files = (
			);
		};
		25BF0DBD3041F9F200D437E4 /* Resources */ = {
			isa = PBXResourcesBuildPhase;
			files = (
			);
		};
		25BF0DC73041F9F200D437E4 /* Resources */ = {
			isa = PBXResourcesBuildPhase;
			files = (
			);
		};
/* End PBXResourcesBuildPhase section */

/* Begin PBXSourcesBuildPhase section */
		25BF0DAE3041F9F100D437E4 /* Sources */ = {
			isa = PBXSourcesBuildPhase;
			files = (
			);
		};
		25BF0DBB3041F9F200D437E4 /* Sources */ = {
			isa = PBXSourcesBuildPhase;
			files = (
			);
		};
		25BF0DC53041F9F200D437E4 /* Sources */ = {
			isa = PBXSourcesBuildPhase;
			files = (
			);
		};
/* End PBXSourcesBuildPhase section */

/* Begin PBXTargetDependency section */
		25BF0DC13041F9F200D437E4 /* PBXTargetDependency */ = {
			isa = PBXTargetDependency;
			target = 25BF0DB13041F9F100D437E4 /* ServerMaster */;
			targetProxy = 25BF0DC03041F9F200D437E4 /* PBXContainerItemProxy */;
		};
		25BF0DCB3041F9F200D437E4 /* PBXTargetDependency */ = {
			isa = PBXTargetDependency;
			target = 25BF0DB13041F9F100D437E4 /* ServerMaster */;
			targetProxy = 25BF0DCA3041F9F200D437E4 /* PBXContainerItemProxy */;
		};
/* End PBXTargetDependency section */

/* Begin XCBuildConfiguration section */
		25BF0DCF3041F9F200D437E4 /* Debug configuration for PBXProject "ServerMaster" */ = {
			isa = XCBuildConfiguration;
			buildSettings = {
				ALWAYS_SEARCH_USER_PATHS = NO;
				ASSETCATALOG_COMPILER_GENERATE_SWIFT_ASSET_SYMBOL_EXTENSIONS = YES;
				CLANG_ANALYZER_NONNULL = YES;
				CLANG_ANALYZER_NUMBER_OBJECT_CONVERSION = YES_AGGRESSIVE;
				CLANG_CXX_LANGUAGE_STANDARD = "gnu++20";
				CLANG_ENABLE_MODULES = YES;
				CLANG_ENABLE_OBJC_ARC = YES;
				CLANG_ENABLE_OBJC_WEAK = YES;
				CLANG_WARN_BLOCK_CAPTURE_AUTORELEASING = YES;
				CLANG_WARN_BOOL_CONVERSION = YES;
				CLANG_WARN_COMMA = YES;
				CLANG_WARN_CONSTANT_CONVERSION = YES;
				CLANG_WARN_DEPRECATED_OBJC_IMPLEMENTATIONS = YES;
				CLANG_WARN_DIRECT_OBJC_ISA_USAGE = YES_ERROR;
				CLANG_WARN_DOCUMENTATION_COMMENTS = YES;
				CLANG_WARN_EMPTY_BODY = YES;
				CLANG_WARN_ENUM_CONVERSION = YES;
				CLANG_WARN_INFINITE_RECURSION = YES;
				CLANG_WARN_INT_CONVERSION = YES;
				CLANG_WARN_NON_LITERAL_NULL_CONVERSION = YES;
				CLANG_WARN_OBJC_IMPLICIT_RETAIN_SELF = YES;
				CLANG_WARN_OBJC_LITERAL_CONVERSION = YES;
				CLANG_WARN_OBJC_ROOT_CLASS = YES_ERROR;
				CLANG_WARN_QUOTED_INCLUDE_IN_FRAMEWORK_HEADER = YES;
				CLANG_WARN_RANGE_LOOP_ANALYSIS = YES;
				CLANG_WARN_STRICT_PROTOTYPES = YES;
				CLANG_WARN_SUSPICIOUS_MOVE = YES;
				CLANG_WARN_UNGUARDED_AVAILABILITY = YES_AGGRESSIVE;
				CLANG_WARN_UNREACHABLE_CODE = YES;
				CLANG_WARN__DUPLICATE_METHOD_MATCH = YES;
				COPY_PHASE_STRIP = NO;
				DEBUG_INFORMATION_FORMAT = dwarf;
				DEVELOPMENT_TEAM = 88M5SYPGUR;
				ENABLE_STRICT_OBJC_MSGSEND = YES;
				ENABLE_TESTABILITY = YES;
				ENABLE_USER_SCRIPT_SANDBOXING = YES;
				GCC_C_LANGUAGE_STANDARD = gnu17;
				GCC_DYNAMIC_NO_PIC = NO;
				GCC_NO_COMMON_BLOCKS = YES;
				GCC_OPTIMIZATION_LEVEL = 0;
				GCC_PREPROCESSOR_DEFINITIONS = (
					"DEBUG=1",
					"$(inherited)",
				);
				GCC_WARN_64_TO_32_BIT_CONVERSION = YES;
				GCC_WARN_ABOUT_RETURN_TYPE = YES_ERROR;
				GCC_WARN_UNDECLARED_SELECTOR = YES;
				GCC_WARN_UNINITIALIZED_AUTOS = YES_AGGRESSIVE;
				GCC_WARN_UNUSED_FUNCTION = YES;
				GCC_WARN_UNUSED_VARIABLE = YES;
				LOCALIZATION_PREFERS_STRING_CATALOGS = YES;
				MACOSX_DEPLOYMENT_TARGET = 14.0;
				MTL_ENABLE_DEBUG_INFO = INCLUDE_SOURCE;
				MTL_FAST_MATH = YES;
				ONLY_ACTIVE_ARCH = NO;
				SDKROOT = macosx;
				SWIFT_ACTIVE_COMPILATION_CONDITIONS = "DEBUG $(inherited)";
				SWIFT_OPTIMIZATION_LEVEL = "-Onone";
			};
			name = Debug;
		};
		25BF0DD03041F9F200D437E4 /* Release configuration for PBXProject "ServerMaster" */ = {
			isa = XCBuildConfiguration;
			buildSettings = {
				ALWAYS_SEARCH_USER_PATHS = NO;
				ASSETCATALOG_COMPILER_GENERATE_SWIFT_ASSET_SYMBOL_EXTENSIONS = YES;
				CLANG_ANALYZER_NONNULL = YES;
				CLANG_ANALYZER_NUMBER_OBJECT_CONVERSION = YES_AGGRESSIVE;
				CLANG_CXX_LANGUAGE_STANDARD = "gnu++20";
				CLANG_ENABLE_MODULES = YES;
				CLANG_ENABLE_OBJC_ARC = YES;
				CLANG_ENABLE_OBJC_WEAK = YES;
				CLANG_WARN_BLOCK_CAPTURE_AUTORELEASING = YES;
				CLANG_WARN_BOOL_CONVERSION = YES;
				CLANG_WARN_COMMA = YES;
				CLANG_WARN_CONSTANT_CONVERSION = YES;
				CLANG_WARN_DEPRECATED_OBJC_IMPLEMENTATIONS = YES;
				CLANG_WARN_DIRECT_OBJC_ISA_USAGE = YES_ERROR;
				CLANG_WARN_DOCUMENTATION_COMMENTS = YES;
				CLANG_WARN_EMPTY_BODY = YES;
				CLANG_WARN_ENUM_CONVERSION = YES;
				CLANG_WARN_INFINITE_RECURSION = YES;
				CLANG_WARN_INT_CONVERSION = YES;
				CLANG_WARN_NON_LITERAL_NULL_CONVERSION = YES;
				CLANG_WARN_OBJC_IMPLICIT_RETAIN_SELF = YES;
				CLANG_WARN_OBJC_LITERAL_CONVERSION = YES;
				CLANG_WARN_OBJC_ROOT_CLASS = YES_ERROR;
				CLANG_WARN_QUOTED_INCLUDE_IN_FRAMEWORK_HEADER = YES;
				CLANG_WARN_RANGE_LOOP_ANALYSIS = YES;
				CLANG_WARN_STRICT_PROTOTYPES = YES;
				CLANG_WARN_SUSPICIOUS_MOVE = YES;
				CLANG_WARN_UNGUARDED_AVAILABILITY = YES_AGGRESSIVE;
				CLANG_WARN_UNREACHABLE_CODE = YES;
				CLANG_WARN__DUPLICATE_METHOD_MATCH = YES;
				COPY_PHASE_STRIP = NO;
				DEBUG_INFORMATION_FORMAT = "dwarf-with-dsym";
				DEVELOPMENT_TEAM = 88M5SYPGUR;
				ENABLE_NS_ASSERTIONS = NO;
				ENABLE_STRICT_OBJC_MSGSEND = YES;
				ENABLE_USER_SCRIPT_SANDBOXING = YES;
				GCC_C_LANGUAGE_STANDARD = gnu17;
				GCC_NO_COMMON_BLOCKS = YES;
				GCC_WARN_64_TO_32_BIT_CONVERSION = YES;
				GCC_WARN_ABOUT_RETURN_TYPE = YES_ERROR;
				GCC_WARN_UNDECLARED_SELECTOR = YES;
				GCC_WARN_UNINITIALIZED_AUTOS = YES_AGGRESSIVE;
				GCC_WARN_UNUSED_FUNCTION = YES;
				GCC_WARN_UNUSED_VARIABLE = YES;
				LOCALIZATION_PREFERS_STRING_CATALOGS = YES;
				MACOSX_DEPLOYMENT_TARGET = 14.0;
				MTL_ENABLE_DEBUG_INFO = NO;
				MTL_FAST_MATH = YES;
				SDKROOT = macosx;
				SWIFT_COMPILATION_MODE = wholemodule;
			};
			name = Release;
		};
		25BF0DD23041F9F200D437E4 /* Debug configuration for PBXNativeTarget "ServerMaster" */ = {
			isa = XCBuildConfiguration;
			buildSettings = {
				ASSETCATALOG_COMPILER_APPICON_NAME = AppIcon;
				ASSETCATALOG_COMPILER_GLOBAL_ACCENT_COLOR_NAME = AccentColor;
				ASSETCATALOG_COMPILER_INCLUDE_ALL_APPICON_ASSETS = NO;
				CODE_SIGN_STYLE = Automatic;
				COMBINE_HIDPI_IMAGES = YES;
				CURRENT_PROJECT_VERSION = arm.27.0.b6.uni;
				DEVELOPMENT_TEAM = 88M5SYPGUR;
				ENABLE_APP_SANDBOX = NO;
				ENABLE_HARDENED_RUNTIME = YES;
				ENABLE_PREVIEWS = YES;
				GENERATE_INFOPLIST_FILE = YES;
				INFOPLIST_KEY_LSApplicationCategoryType = "public.app-category.developer-tools";
				INFOPLIST_KEY_NSHumanReadableCopyright = "";
				LD_RUNPATH_SEARCH_PATHS = (
					"$(inherited)",
					"@executable_path/../Frameworks",
				);
				MACOSX_DEPLOYMENT_TARGET = 14.0;
				MARKETING_VERSION = 1.2;
				PRODUCT_BUNDLE_IDENTIFIER = com.adm1nsys.ServerMaster;
				PRODUCT_NAME = "$(TARGET_NAME)";
				REGISTER_APP_GROUPS = YES;
				STRING_CATALOG_GENERATE_SYMBOLS = YES;
				SWIFT_APPROACHABLE_CONCURRENCY = YES;
				SWIFT_DEFAULT_ACTOR_ISOLATION = MainActor;
				SWIFT_EMIT_LOC_STRINGS = YES;
				SWIFT_UPCOMING_FEATURE_MEMBER_IMPORT_VISIBILITY = YES;
				SWIFT_VERSION = 5.0;
			};
			name = Debug;
		};
		25BF0DD33041F9F200D437E4 /* Release configuration for PBXNativeTarget "ServerMaster" */ = {
			isa = XCBuildConfiguration;
			buildSettings = {
				ASSETCATALOG_COMPILER_APPICON_NAME = AppIcon;
				ASSETCATALOG_COMPILER_GLOBAL_ACCENT_COLOR_NAME = AccentColor;
				ASSETCATALOG_COMPILER_INCLUDE_ALL_APPICON_ASSETS = NO;
				CODE_SIGN_STYLE = Automatic;
				COMBINE_HIDPI_IMAGES = YES;
				CURRENT_PROJECT_VERSION = arm.27.0.b6.uni;
				DEVELOPMENT_TEAM = 88M5SYPGUR;
				ENABLE_APP_SANDBOX = NO;
				ENABLE_HARDENED_RUNTIME = YES;
				ENABLE_PREVIEWS = YES;
				GENERATE_INFOPLIST_FILE = YES;
				INFOPLIST_KEY_LSApplicationCategoryType = "public.app-category.developer-tools";
				INFOPLIST_KEY_NSHumanReadableCopyright = "";
				LD_RUNPATH_SEARCH_PATHS = (
					"$(inherited)",
					"@executable_path/../Frameworks",
				);
				MACOSX_DEPLOYMENT_TARGET = 14.0;
				MARKETING_VERSION = 1.2;
				PRODUCT_BUNDLE_IDENTIFIER = com.adm1nsys.ServerMaster;
				PRODUCT_NAME = "$(TARGET_NAME)";
				REGISTER_APP_GROUPS = YES;
				STRING_CATALOG_GENERATE_SYMBOLS = YES;
				SWIFT_APPROACHABLE_CONCURRENCY = YES;
				SWIFT_DEFAULT_ACTOR_ISOLATION = MainActor;
				SWIFT_EMIT_LOC_STRINGS = YES;
				SWIFT_UPCOMING_FEATURE_MEMBER_IMPORT_VISIBILITY = YES;
				SWIFT_VERSION = 5.0;
			};
			name = Release;
		};
		25BF0DD53041F9F200D437E4 /* Debug configuration for PBXNativeTarget "ServerMasterTests" */ = {
			isa = XCBuildConfiguration;
			buildSettings = {
				BUNDLE_LOADER = "$(TEST_HOST)";
				CODE_SIGN_STYLE = Automatic;
				CURRENT_PROJECT_VERSION = 1;
				DEVELOPMENT_TEAM = 88M5SYPGUR;
				GENERATE_INFOPLIST_FILE = YES;
				MACOSX_DEPLOYMENT_TARGET = 14.0;
				MARKETING_VERSION = 1.2;
				PRODUCT_BUNDLE_IDENTIFIER = com.adm1nsys.ServerMasterTests;
				PRODUCT_NAME = "$(TARGET_NAME)";
				STRING_CATALOG_GENERATE_SYMBOLS = NO;
				SWIFT_APPROACHABLE_CONCURRENCY = YES;
				SWIFT_EMIT_LOC_STRINGS = NO;
				SWIFT_UPCOMING_FEATURE_MEMBER_IMPORT_VISIBILITY = YES;
				SWIFT_VERSION = 5.0;
				TEST_HOST = "$(BUILT_PRODUCTS_DIR)/ServerMaster.app/$(BUNDLE_EXECUTABLE_FOLDER_PATH)/ServerMaster";
			};
			name = Debug;
		};
		25BF0DD63041F9F200D437E4 /* Release configuration for PBXNativeTarget "ServerMasterTests" */ = {
			isa = XCBuildConfiguration;
			buildSettings = {
				BUNDLE_LOADER = "$(TEST_HOST)";
				CODE_SIGN_STYLE = Automatic;
				CURRENT_PROJECT_VERSION = 1;
				DEVELOPMENT_TEAM = 88M5SYPGUR;
				GENERATE_INFOPLIST_FILE = YES;
				MACOSX_DEPLOYMENT_TARGET = 14.0;
				MARKETING_VERSION = 1.2;
				PRODUCT_BUNDLE_IDENTIFIER = com.adm1nsys.ServerMasterTests;
				PRODUCT_NAME = "$(TARGET_NAME)";
				STRING_CATALOG_GENERATE_SYMBOLS = NO;
				SWIFT_APPROACHABLE_CONCURRENCY = YES;
				SWIFT_EMIT_LOC_STRINGS = NO;
				SWIFT_UPCOMING_FEATURE_MEMBER_IMPORT_VISIBILITY = YES;
				SWIFT_VERSION = 5.0;
				TEST_HOST = "$(BUILT_PRODUCTS_DIR)/ServerMaster.app/$(BUNDLE_EXECUTABLE_FOLDER_PATH)/ServerMaster";
			};
			name = Release;
		};
		25BF0DD83041F9F200D437E4 /* Debug configuration for PBXNativeTarget "ServerMasterUITests" */ = {
			isa = XCBuildConfiguration;
			buildSettings = {
				CODE_SIGN_STYLE = Automatic;
				CURRENT_PROJECT_VERSION = 1;
				DEVELOPMENT_TEAM = 88M5SYPGUR;
				GENERATE_INFOPLIST_FILE = YES;
				MARKETING_VERSION = 1.2;
				PRODUCT_BUNDLE_IDENTIFIER = com.adm1nsys.ServerMasterUITests;
				PRODUCT_NAME = "$(TARGET_NAME)";
				STRING_CATALOG_GENERATE_SYMBOLS = NO;
				SWIFT_APPROACHABLE_CONCURRENCY = YES;
				SWIFT_EMIT_LOC_STRINGS = NO;
				SWIFT_UPCOMING_FEATURE_MEMBER_IMPORT_VISIBILITY = YES;
				SWIFT_VERSION = 5.0;
				TEST_TARGET_NAME = ServerMaster;
			};
			name = Debug;
		};
		25BF0DD93041F9F200D437E4 /* Release configuration for PBXNativeTarget "ServerMasterUITests" */ = {
			isa = XCBuildConfiguration;
			buildSettings = {
				CODE_SIGN_STYLE = Automatic;
				CURRENT_PROJECT_VERSION = 1;
				DEVELOPMENT_TEAM = 88M5SYPGUR;
				GENERATE_INFOPLIST_FILE = YES;
				MARKETING_VERSION = 1.2;
				PRODUCT_BUNDLE_IDENTIFIER = com.adm1nsys.ServerMasterUITests;
				PRODUCT_NAME = "$(TARGET_NAME)";
				STRING_CATALOG_GENERATE_SYMBOLS = NO;
				SWIFT_APPROACHABLE_CONCURRENCY = YES;
				SWIFT_EMIT_LOC_STRINGS = NO;
				SWIFT_UPCOMING_FEATURE_MEMBER_IMPORT_VISIBILITY = YES;
				SWIFT_VERSION = 5.0;
				TEST_TARGET_NAME = ServerMaster;
			};
			name = Release;
		};
/* End XCBuildConfiguration section */

/* Begin XCConfigurationList section */
		25BF0DAD3041F9F100D437E4 /* Build configuration list for PBXProject "ServerMaster" */ = {
			isa = XCConfigurationList;
			buildConfigurations = (
				25BF0DCF3041F9F200D437E4 /* Debug configuration for PBXProject "ServerMaster" */,
				25BF0DD03041F9F200D437E4 /* Release configuration for PBXProject "ServerMaster" */,
			);
			defaultConfigurationName = Release;
		};
		25BF0DD13041F9F200D437E4 /* Build configuration list for PBXNativeTarget "ServerMaster" */ = {
			isa = XCConfigurationList;
			buildConfigurations = (
				25BF0DD23041F9F200D437E4 /* Debug configuration for PBXNativeTarget "ServerMaster" */,
				25BF0DD33041F9F200D437E4 /* Release configuration for PBXNativeTarget "ServerMaster" */,
			);
			defaultConfigurationName = Release;
		};
		25BF0DD43041F9F200D437E4 /* Build configuration list for PBXNativeTarget "ServerMasterTests" */ = {
			isa = XCConfigurationList;
			buildConfigurations = (
				25BF0DD53041F9F200D437E4 /* Debug configuration for PBXNativeTarget "ServerMasterTests" */,
				25BF0DD63041F9F200D437E4 /* Release configuration for PBXNativeTarget "ServerMasterTests" */,
			);
			defaultConfigurationName = Release;
		};
		25BF0DD73041F9F200D437E4 /* Build configuration list for PBXNativeTarget "ServerMasterUITests" */ = {
			isa = XCConfigurationList;
			buildConfigurations = (
				25BF0DD83041F9F200D437E4 /* Debug configuration for PBXNativeTarget "ServerMasterUITests" */,
				25BF0DD93041F9F200D437E4 /* Release configuration for PBXNativeTarget "ServerMasterUITests" */,
			);
			defaultConfigurationName = Release;
		};
/* End XCConfigurationList section */
	};
	rootObject = 25BF0DAA3041F9F100D437E4 /* Project object */;
	validationLevel = 1;
}
